
Microsoft Visual Studio Solution File, Format Version 12.00
# Visual Studio Version 17
VisualStudioVersion = 17.9.34714.143
MinimumVisualStudioVersion = 10.0.40219.1
Project("{FAE04EC0-301F-11D3-BF4B-00C04F79EFBC}") = "MvcMovie", "MvcMovie.csproj", "{CF572176-E0D4-47B4-9625-E353B6A0BD3A}"
EndProject
Global
	GlobalSection(SolutionConfigurationPlatforms) = preSolution
		Debug|Any CPU = Debug|Any CPU
		Release|Any CPU = Release|Any CPU
	EndGlobalSection
	GlobalSection(ProjectConfigurationPlatforms) = postSolution
		{CF572176-E0D4-47B4-9625-E353B6A0BD3A}.Debug|Any CPU.ActiveCfg = Debug|Any CPU
		{CF572176-E0D4-47B4-9625-E353B6A0BD3A}.Debug|Any CPU.Build.0 = Debug|Any CPU
		{CF572176-E0D4-47B4-9625-E353B6A0BD3A}.Release|Any CPU.ActiveCfg = Release|Any CPU
		{CF572176-E0D4-47B4-9625-E353B6A0BD3A}.Release|Any CPU.Build.0 = Release|Any CPU
	EndGlobalSection
	GlobalSection(SolutionProperties) = preSolution
		HideSolutionNode = FALSE
	EndGlobalSection
	GlobalSection(ExtensibilityGlobals) = postSolution
		SolutionGuid = {3306BE17-60A6-4877-83A1-746694829FA7}
	EndGlobalSection
EndGlobal
